// !$*UTF8*$!
{
	archiveVersion = 1;
	classes = {
	};
	objectVersion = 46;
	objects = {

/* Begin PBXBuildFile section */
		AE4E672B1D3C346E002E686D /* CellState.swift in Sources */ = {isa = PBXBuildFile; fileRef = AE4E672A1D3C346E002E686D /* CellState.swift */; };
		AE4E672D1D3C3482002E686D /* GridProtocol.swift in Sources */ = {isa = PBXBuildFile; fileRef = AE4E672C1D3C3482002E686D /* GridProtocol.swift */; };
		AE4E672F1D3C349C002E686D /* EngineDelegateProtocol.swift in Sources */ = {isa = PBXBuildFile; fileRef = AE4E672E1D3C349C002E686D /* EngineDelegateProtocol.swift */; };
		AE4E67311D3C34A7002E686D /* EngineProtocol.swift in Sources */ = {isa = PBXBuildFile; fileRef = AE4E67301D3C34A7002E686D /* EngineProtocol.swift */; };
		AE4E67331D3C34EE002E686D /* Grid.swift in Sources */ = {isa = PBXBuildFile; fileRef = AE4E67321D3C34EE002E686D /* Grid.swift */; };
		AE4E67351D3C3519002E686D /* StandardEngine.swift in Sources */ = {isa = PBXBuildFile; fileRef = AE4E67341D3C3519002E686D /* StandardEngine.swift */; };
		AE4E67371D3C3AD9002E686D /* GridView.swift in Sources */ = {isa = PBXBuildFile; fileRef = AE4E67361D3C3AD9002E686D /* GridView.swift */; };
		AEBE22291D3AB77B00A864E6 /* AppDelegate.swift in Sources */ = {isa = PBXBuildFile; fileRef = AEBE22281D3AB77B00A864E6 /* AppDelegate.swift */; };
		AEBE222B1D3AB77B00A864E6 /* InstrumentationViewController.swift in Sources */ = {isa = PBXBuildFile; fileRef = AEBE222A1D3AB77B00A864E6 /* InstrumentationViewController.swift */; };
		AEBE222D1D3AB77B00A864E6 /* SimulationViewController.swift in Sources */ = {isa = PBXBuildFile; fileRef = AEBE222C1D3AB77B00A864E6 /* SimulationViewController.swift */; };
		AEBE22301D3AB77B00A864E6 /* Main.storyboard in Resources */ = {isa = PBXBuildFile; fileRef = AEBE222E1D3AB77B00A864E6 /* Main.storyboard */; };
		AEBE22321D3AB77B00A864E6 /* Assets.xcassets in Resources */ = {isa = PBXBuildFile; fileRef = AEBE22311D3AB77B00A864E6 /* Assets.xcassets */; };
		AEBE22351D3AB77B00A864E6 /* LaunchScreen.storyboard in Resources */ = {isa = PBXBuildFile; fileRef = AEBE22331D3AB77B00A864E6 /* LaunchScreen.storyboard */; };
		AEBE223D1D3AB94700A864E6 /* StatisticsViewController.swift in Sources */ = {isa = PBXBuildFile; fileRef = AEBE223C1D3AB94700A864E6 /* StatisticsViewController.swift */; };
/* End PBXBuildFile section */

/* Begin PBXFileReference section */
		AE4E672A1D3C346E002E686D /* CellState.swift */ = {isa = PBXFileReference; fileEncoding = 4; lastKnownFileType = sourcecode.swift; path = CellState.swift; sourceTree = "<group>"; };
		AE4E672C1D3C3482002E686D /* GridProtocol.swift */ = {isa = PBXFileReference; fileEncoding = 4; lastKnownFileType = sourcecode.swift; path = GridProtocol.swift; sourceTree = "<group>"; };
		AE4E672E1D3C349C002E686D /* EngineDelegateProtocol.swift */ = {isa = PBXFileReference; fileEncoding = 4; lastKnownFileType = sourcecode.swift; path = EngineDelegateProtocol.swift; sourceTree = "<group>"; };
		AE4E67301D3C34A7002E686D /* EngineProtocol.swift */ = {isa = PBXFileReference; fileEncoding = 4; lastKnownFileType = sourcecode.swift; path = EngineProtocol.swift; sourceTree = "<group>"; };
		AE4E67321D3C34EE002E686D /* Grid.swift */ = {isa = PBXFileReference; fileEncoding = 4; lastKnownFileType = sourcecode.swift; path = Grid.swift; sourceTree = "<group>"; };
		AE4E67341D3C3519002E686D /* StandardEngine.swift */ = {isa = PBXFileReference; fileEncoding = 4; lastKnownFileType = sourcecode.swift; path = StandardEngine.swift; sourceTree = "<group>"; };
		AE4E67361D3C3AD9002E686D /* GridView.swift */ = {isa = PBXFileReference; fileEncoding = 4; lastKnownFileType = sourcecode.swift; path = GridView.swift; sourceTree = "<group>"; };
		AEBE22251D3AB77B00A864E6 /* Assignment4.app */ = {isa = PBXFileReference; explicitFileType = wrapper.application; includeInIndex = 0; path = Assignment4.app; sourceTree = BUILT_PRODUCTS_DIR; };
		AEBE22281D3AB77B00A864E6 /* AppDelegate.swift */ = {isa = PBXFileReference; lastKnownFileType = sourcecode.swift; path = AppDelegate.swift; sourceTree = "<group>"; };
		AEBE222A1D3AB77B00A864E6 /* InstrumentationViewController.swift */ = {isa = PBXFileReference; lastKnownFileType = sourcecode.swift; path = InstrumentationViewController.swift; sourceTree = "<group>"; };
		AEBE222C1D3AB77B00A864E6 /* SimulationViewController.swift */ = {isa = PBXFileReference; lastKnownFileType = sourcecode.swift; path = SimulationViewController.swift; sourceTree = "<group>"; };
		AEBE222F1D3AB77B00A864E6 /* Base */ = {isa = PBXFileReference; lastKnownFileType = file.storyboard; name = Base; path = Base.lproj/Main.storyboard; sourceTree = "<group>"; };
		AEBE22311D3AB77B00A864E6 /* Assets.xcassets */ = {isa = PBXFileReference; lastKnownFileType = folder.assetcatalog; path = Assets.xcassets; sourceTree = "<group>"; };
		AEBE22341D3AB77B00A864E6 /* Base */ = {isa = PBXFileReference; lastKnownFileType = file.storyboard; name = Base; path = Base.lproj/LaunchScreen.storyboard; sourceTree = "<group>"; };
		AEBE22361D3AB77B00A864E6 /* Info.plist */ = {isa = PBXFileReference; lastKnownFileType = text.plist.xml; path = Info.plist; sourceTree = "<group>"; };
		AEBE223C1D3AB94700A864E6 /* StatisticsViewController.swift */ = {isa = PBXFileReference; fileEncoding = 4; lastKnownFileType = sourcecode.swift; path = StatisticsViewController.swift; sourceTree = "<group>"; };
/* End PBXFileReference section */

/* Begin PBXFrameworksBuildPhase section */
		AEBE22221D3AB77B00A864E6 /* Frameworks */ = {
			isa = PBXFrameworksBuildPhase;
			buildActionMask = 2147483647;
			files = (
			);
			runOnlyForDeploymentPostprocessing = 0;
		};
/* End PBXFrameworksBuildPhase section */

/* Begin PBXGroup section */
		AEBE221C1D3AB77B00A864E6 = {
			isa = PBXGroup;
			children = (
				AEBE22271D3AB77B00A864E6 /* Assignment4 */,
				AEBE22261D3AB77B00A864E6 /* Products */,
			);
			sourceTree = "<group>";
		};
		AEBE22261D3AB77B00A864E6 /* Products */ = {
			isa = PBXGroup;
			children = (
				AEBE22251D3AB77B00A864E6 /* Assignment4.app */,
			);
			name = Products;
			sourceTree = "<group>";
		};
		AEBE22271D3AB77B00A864E6 /* Assignment4 */ = {
			isa = PBXGroup;
			children = (
				AEBE22281D3AB77B00A864E6 /* AppDelegate.swift */,
				AEBE222A1D3AB77B00A864E6 /* InstrumentationViewController.swift */,
				AEBE222C1D3AB77B00A864E6 /* SimulationViewController.swift */,
				AEBE223C1D3AB94700A864E6 /* StatisticsViewController.swift */,
				AEBE222E1D3AB77B00A864E6 /* Main.storyboard */,
				AEBE22311D3AB77B00A864E6 /* Assets.xcassets */,
				AEBE22331D3AB77B00A864E6 /* LaunchScreen.storyboard */,
				AEBE22361D3AB77B00A864E6 /* Info.plist */,
				AE4E672A1D3C346E002E686D /* CellState.swift */,
				AE4E672C1D3C3482002E686D /* GridProtocol.swift */,
				AE4E672E1D3C349C002E686D /* EngineDelegateProtocol.swift */,
				AE4E67301D3C34A7002E686D /* EngineProtocol.swift */,
				AE4E67321D3C34EE002E686D /* Grid.swift */,
				AE4E67341D3C3519002E686D /* StandardEngine.swift */,
				AE4E67361D3C3AD9002E686D /* GridView.swift */,
			);
			path = Assignment4;
			sourceTree = "<group>";
		};
/* End PBXGroup section */

/* Begin PBXNativeTarget section */
		AEBE22241D3AB77B00A864E6 /* Assignment4 */ = {
			isa = PBXNativeTarget;
			buildConfigurationList = AEBE22391D3AB77B00A864E6 /* Build configuration list for PBXNativeTarget "Assignment4" */;
			buildPhases = (
				AEBE22211D3AB77B00A864E6 /* Sources */,
				AEBE22221D3AB77B00A864E6 /* Frameworks */,
				AEBE22231D3AB77B00A864E6 /* Resources */,
			);
			buildRules = (
			);
			dependencies = (
			);
			name = Assignment4;
			productName = Assignment4;
			productReference = AEBE22251D3AB77B00A864E6 /* Assignment4.app */;
			productType = "com.apple.product-type.application";
		};
/* End PBXNativeTarget section */

/* Begin PBXProject section */
		AEBE221D1D3AB77B00A864E6 /* Project object */ = {
			isa = PBXProject;
			attributes = {
				LastSwiftUpdateCheck = 0730;
				LastUpgradeCheck = 0730;
				ORGANIZATIONNAME = RyanKalla;
				TargetAttributes = {
					AEBE22241D3AB77B00A864E6 = {
						CreatedOnToolsVersion = 7.3.1;
					};
				};
			};
			buildConfigurationList = AEBE22201D3AB77B00A864E6 /* Build configuration list for PBXProject "Assignment4" */;
			compatibilityVersion = "Xcode 3.2";
			developmentRegion = English;
			hasScannedForEncodings = 0;
			knownRegions = (
				en,
				Base,
			);
			mainGroup = AEBE221C1D3AB77B00A864E6;
			productRefGroup = AEBE22261D3AB77B00A864E6 /* Products */;
			projectDirPath = "";
			projectRoot = "";
			targets = (
				AEBE22241D3AB77B00A864E6 /* Assignment4 */,
			);
		};
/* End PBXProject section */

/* Begin PBXResourcesBuildPhase section */
		AEBE22231D3AB77B00A864E6 /* Resources */ = {
			isa = PBXResourcesBuildPhase;
			buildActionMask = 2147483647;
			files = (
				AEBE22351D3AB77B00A864E6 /* LaunchScreen.storyboard in Resources */,
				AEBE22321D3AB77B00A864E6 /* Assets.xcassets in Resources */,
				AEBE22301D3AB77B00A864E6 /* Main.storyboard in Resources */,
			);
			runOnlyForDeploymentPostprocessing = 0;
		};
/* End PBXResourcesBuildPhase section */

/* Begin PBXSourcesBuildPhase section */
		AEBE22211D3AB77B00A864E6 /* Sources */ = {
			isa = PBXSourcesBuildPhase;
			buildActionMask = 2147483647;
			files = (
				AE4E67351D3C3519002E686D /* StandardEngine.swift in Sources */,
				AE4E672B1D3C346E002E686D /* CellState.swift in Sources */,
				AE4E672F1D3C349C002E686D /* EngineDelegateProtocol.swift in Sources */,
				AE4E67371D3C3AD9002E686D /* GridView.swift in Sources */,
				AE4E67331D3C34EE002E686D /* Grid.swift in Sources */,
				AEBE222D1D3AB77B00A864E6 /* SimulationViewController.swift in Sources */,
				AEBE22291D3AB77B00A864E6 /* AppDelegate.swift in Sources */,
				AEBE222B1D3AB77B00A864E6 /* InstrumentationViewController.swift in Sources */,
				AEBE223D1D3AB94700A864E6 /* StatisticsViewController.swift in Sources */,
				AE4E672D1D3C3482002E686D /* GridProtocol.swift in Sources */,
				AE4E67311D3C34A7002E686D /* EngineProtocol.swift in Sources */,
			);
			runOnlyForDeploymentPostprocessing = 0;
		};
/* End PBXSourcesBuildPhase section */

/* Begin PBXVariantGroup section */
		AEBE222E1D3AB77B00A864E6 /* Main.storyboard */ = {
			isa = PBXVariantGroup;
			children = (
				AEBE222F1D3AB77B00A864E6 /* Base */,
			);
			name = Main.storyboard;
			sourceTree = "<group>";
		};
		AEBE22331D3AB77B00A864E6 /* LaunchScreen.storyboard */ = {
			isa = PBXVariantGroup;
			children = (
				AEBE22341D3AB77B00A864E6 /* Base */,
			);
			name = LaunchScreen.storyboard;
			sourceTree = "<group>";
		};
/* End PBXVariantGroup section */

/* Begin XCBuildConfiguration section */
		AEBE22371D3AB77B00A864E6 /* Debug */ = {
			isa = XCBuildConfiguration;
			buildSettings = {
				ALWAYS_SEARCH_USER_PATHS = NO;
				CLANG_ANALYZER_NONNULL = YES;
				CLANG_CXX_LANGUAGE_STANDARD = "gnu++0x";
				CLANG_CXX_LIBRARY = "libc++";
				CLANG_ENABLE_MODULES = YES;
				CLANG_ENABLE_OBJC_ARC = YES;
				CLANG_WARN_BOOL_CONVERSION = YES;
				CLANG_WARN_CONSTANT_CONVERSION = YES;
				CLANG_WARN_DIRECT_OBJC_ISA_USAGE = YES_ERROR;
				CLANG_WARN_EMPTY_BODY = YES;
				CLANG_WARN_ENUM_CONVERSION = YES;
				CLANG_WARN_INT_CONVERSION = YES;
				CLANG_WARN_OBJC_ROOT_CLASS = YES_ERROR;
				CLANG_WARN_UNREACHABLE_CODE = YES;
				CLANG_WARN__DUPLICATE_METHOD_MATCH = YES;
				"CODE_SIGN_IDENTITY[sdk=iphoneos*]" = "iPhone Developer";
				COPY_PHASE_STRIP = NO;
				DEBUG_INFORMATION_FORMAT = dwarf;
				ENABLE_STRICT_OBJC_MSGSEND = YES;
				ENABLE_TESTABILITY = YES;
				GCC_C_LANGUAGE_STANDARD = gnu99;
				GCC_DYNAMIC_NO_PIC = NO;
				GCC_NO_COMMON_BLOCKS = YES;
				GCC_OPTIMIZATION_LEVEL = 0;
				GCC_PREPROCESSOR_DEFINITIONS = (
					"DEBUG=1",
					"$(inherited)",
				);
				GCC_WARN_64_TO_32_BIT_CONVERSION = YES;
				GCC_WARN_ABOUT_RETURN_TYPE = YES_ERROR;
				GCC_WARN_UNDECLARED_SELECTOR = YES;
				GCC_WARN_UNINITIALIZED_AUTOS = YES_AGGRESSIVE;
				GCC_WARN_UNUSED_FUNCTION = YES;
				GCC_WARN_UNUSED_VARIABLE = YES;
				IPHONEOS_DEPLOYMENT_TARGET = 9.3;
				MTL_ENABLE_DEBUG_INFO = YES;
				ONLY_ACTIVE_ARCH = YES;
				SDKROOT = iphoneos;
				SWIFT_OPTIMIZATION_LEVEL = "-Onone";
				TARGETED_DEVICE_FAMILY = "1,2";
			};
			name = Debug;
		};
		AEBE22381D3AB77B00A864E6 /* Release */ = {
			isa = XCBuildConfiguration;
			buildSettings = {
				ALWAYS_SEARCH_USER_PATHS = NO;
				CLANG_ANALYZER_NONNULL = YES;
				CLANG_CXX_LANGUAGE_STANDARD = "gnu++0x";
				CLANG_CXX_LIBRARY = "libc++";
				CLANG_ENABLE_MODULES = YES;
				CLANG_ENABLE_OBJC_ARC = YES;
				CLANG_WARN_BOOL_CONVERSION = YES;
				CLANG_WARN_CONSTANT_CONVERSION = YES;
				CLANG_WARN_DIRECT_OBJC_ISA_USAGE = YES_ERROR;
				CLANG_WARN_EMPTY_BODY = YES;
				CLANG_WARN_ENUM_CONVERSION = YES;
				CLANG_WARN_INT_CONVERSION = YES;
				CLANG_WARN_OBJC_ROOT_CLASS = YES_ERROR;
				CLANG_WARN_UNREACHABLE_CODE = YES;
				CLANG_WARN__DUPLICATE_METHOD_MATCH = YES;
				"CODE_SIGN_IDENTITY[sdk=iphoneos*]" = "iPhone Developer";
				COPY_PHASE_STRIP = NO;
				DEBUG_INFORMATION_FORMAT = "dwarf-with-dsym";
				ENABLE_NS_ASSERTIONS = NO;
				ENABLE_STRICT_OBJC_MSGSEND = YES;
				GCC_C_LANGUAGE_STANDARD = gnu99;
				GCC_NO_COMMON_BLOCKS = YES;
				GCC_WARN_64_TO_32_BIT_CONVERSION = YES;
				GCC_WARN_ABOUT_RETURN_TYPE = YES_ERROR;
				GCC_WARN_UNDECLARED_SELECTOR = YES;
				GCC_WARN_UNINITIALIZED_AUTOS = YES_AGGRESSIVE;
				GCC_WARN_UNUSED_FUNCTION = YES;
				GCC_WARN_UNUSED_VARIABLE = YES;
				IPHONEOS_DEPLOYMENT_TARGET = 9.3;
				MTL_ENABLE_DEBUG_INFO = NO;
				SDKROOT = iphoneos;
				TARGETED_DEVICE_FAMILY = "1,2";
				VALIDATE_PRODUCT = YES;
			};
			name = Release;
		};
		AEBE223A1D3AB77B00A864E6 /* Debug */ = {
			isa = XCBuildConfiguration;
			buildSettings = {
				ASSETCATALOG_COMPILER_APPICON_NAME = AppIcon;
				INFOPLIST_FILE = Assignment4/Info.plist;
				LD_RUNPATH_SEARCH_PATHS = "$(inherited) @executable_path/Frameworks";
				PRODUCT_BUNDLE_IDENTIFIER = edu.harvard.s65g.Assignment4;
				PRODUCT_NAME = "$(TARGET_NAME)";
			};
			name = Debug;
		};
		AEBE223B1D3AB77B00A864E6 /* Release */ = {
			isa = XCBuildConfiguration;
			buildSettings = {
				ASSETCATALOG_COMPILER_APPICON_NAME = AppIcon;
				INFOPLIST_FILE = Assignment4/Info.plist;
				LD_RUNPATH_SEARCH_PATHS = "$(inherited) @executable_path/Frameworks";
				PRODUCT_BUNDLE_IDENTIFIER = edu.harvard.s65g.Assignment4;
				PRODUCT_NAME = "$(TARGET_NAME)";
			};
			name = Release;
		};
/* End XCBuildConfiguration section */

/* Begin XCConfigurationList section */
		AEBE22201D3AB77B00A864E6 /* Build configuration list for PBXProject "Assignment4" */ = {
			isa = XCConfigurationList;
			buildConfigurations = (
				AEBE22371D3AB77B00A864E6 /* Debug */,
				AEBE22381D3AB77B00A864E6 /* Release */,
			);
			defaultConfigurationIsVisible = 0;
			defaultConfigurationName = Release;
		};
		AEBE22391D3AB77B00A864E6 /* Build configuration list for PBXNativeTarget "Assignment4" */ = {
			isa = XCConfigurationList;
			buildConfigurations = (
				AEBE223A1D3AB77B00A864E6 /* Debug */,
				AEBE223B1D3AB77B00A864E6 /* Release */,
			);
			defaultConfigurationIsVisible = 0;
			defaultConfigurationName = Release;
		};
/* End XCConfigurationList section */
	};
	rootObject = AEBE221D1D3AB77B00A864E6 /* Project object */;
}
