// !$*UTF8*$!
{
	archiveVersion = 1;
	classes = {
	};
	objectVersion = 46;
	objects = {

/* Begin PBXBuildFile section */
		AE39F4961D1B3FE600B6D203 /* AppDelegate.swift in Sources */ = {isa = PBXBuildFile; fileRef = AE39F4951D1B3FE600B6D203 /* AppDelegate.swift */; };
		AE39F4981D1B3FE600B6D203 /* FirstViewController.swift in Sources */ = {isa = PBXBuildFile; fileRef = AE39F4971D1B3FE600B6D203 /* FirstViewController.swift */; };
		AE39F49A1D1B3FE600B6D203 /* SecondViewController.swift in Sources */ = {isa = PBXBuildFile; fileRef = AE39F4991D1B3FE600B6D203 /* SecondViewController.swift */; };
		AE39F49D1D1B3FE600B6D203 /* Main.storyboard in Resources */ = {isa = PBXBuildFile; fileRef = AE39F49B1D1B3FE600B6D203 /* Main.storyboard */; };
		AE39F49F1D1B3FE600B6D203 /* Assets.xcassets in Resources */ = {isa = PBXBuildFile; fileRef = AE39F49E1D1B3FE600B6D203 /* Assets.xcassets */; };
		AE39F4A21D1B3FE600B6D203 /* LaunchScreen.storyboard in Resources */ = {isa = PBXBuildFile; fileRef = AE39F4A01D1B3FE600B6D203 /* LaunchScreen.storyboard */; };
/* End PBXBuildFile section */

/* Begin PBXFileReference section */
		AE39F4921D1B3FE600B6D203 /* Lecture2b.app */ = {isa = PBXFileReference; explicitFileType = wrapper.application; includeInIndex = 0; path = Lecture2b.app; sourceTree = BUILT_PRODUCTS_DIR; };
		AE39F4951D1B3FE600B6D203 /* AppDelegate.swift */ = {isa = PBXFileReference; lastKnownFileType = sourcecode.swift; path = AppDelegate.swift; sourceTree = "<group>"; };
		AE39F4971D1B3FE600B6D203 /* FirstViewController.swift */ = {isa = PBXFileReference; lastKnownFileType = sourcecode.swift; path = FirstViewController.swift; sourceTree = "<group>"; };
		AE39F4991D1B3FE600B6D203 /* SecondViewController.swift */ = {isa = PBXFileReference; lastKnownFileType = sourcecode.swift; path = SecondViewController.swift; sourceTree = "<group>"; };
		AE39F49C1D1B3FE600B6D203 /* Base */ = {isa = PBXFileReference; lastKnownFileType = file.storyboard; name = Base; path = Base.lproj/Main.storyboard; sourceTree = "<group>"; };
		AE39F49E1D1B3FE600B6D203 /* Assets.xcassets */ = {isa = PBXFileReference; lastKnownFileType = folder.assetcatalog; path = Assets.xcassets; sourceTree = "<group>"; };
		AE39F4A11D1B3FE600B6D203 /* Base */ = {isa = PBXFileReference; lastKnownFileType = file.storyboard; name = Base; path = Base.lproj/LaunchScreen.storyboard; sourceTree = "<group>"; };
		AE39F4A31D1B3FE600B6D203 /* Info.plist */ = {isa = PBXFileReference; lastKnownFileType = text.plist.xml; path = Info.plist; sourceTree = "<group>"; };
/* End PBXFileReference section */

/* Begin PBXFrameworksBuildPhase section */
		AE39F48F1D1B3FE600B6D203 /* Frameworks */ = {
			isa = PBXFrameworksBuildPhase;
			buildActionMask = 2147483647;
			files = (
			);
			runOnlyForDeploymentPostprocessing = 0;
		};
/* End PBXFrameworksBuildPhase section */

/* Begin PBXGroup section */
		AE39F4891D1B3FE600B6D203 = {
			isa = PBXGroup;
			children = (
				AE39F4941D1B3FE600B6D203 /* Lecture2b */,
				AE39F4931D1B3FE600B6D203 /* Products */,
			);
			sourceTree = "<group>";
		};
		AE39F4931D1B3FE600B6D203 /* Products */ = {
			isa = PBXGroup;
			children = (
				AE39F4921D1B3FE600B6D203 /* Lecture2b.app */,
			);
			name = Products;
			sourceTree = "<group>";
		};
		AE39F4941D1B3FE600B6D203 /* Lecture2b */ = {
			isa = PBXGroup;
			children = (
				AE39F4951D1B3FE600B6D203 /* AppDelegate.swift */,
				AE39F4971D1B3FE600B6D203 /* FirstViewController.swift */,
				AE39F4991D1B3FE600B6D203 /* SecondViewController.swift */,
				AE39F49B1D1B3FE600B6D203 /* Main.storyboard */,
				AE39F49E1D1B3FE600B6D203 /* Assets.xcassets */,
				AE39F4A01D1B3FE600B6D203 /* LaunchScreen.storyboard */,
				AE39F4A31D1B3FE600B6D203 /* Info.plist */,
			);
			path = Lecture2b;
			sourceTree = "<group>";
		};
/* End PBXGroup section */

/* Begin PBXNativeTarget section */
		AE39F4911D1B3FE600B6D203 /* Lecture2b */ = {
			isa = PBXNativeTarget;
			buildConfigurationList = AE39F4A61D1B3FE600B6D203 /* Build configuration list for PBXNativeTarget "Lecture2b" */;
			buildPhases = (
				AE39F48E1D1B3FE600B6D203 /* Sources */,
				AE39F48F1D1B3FE600B6D203 /* Frameworks */,
				AE39F4901D1B3FE600B6D203 /* Resources */,
			);
			buildRules = (
			);
			dependencies = (
			);
			name = Lecture2b;
			productName = Lecture2b;
			productReference = AE39F4921D1B3FE600B6D203 /* Lecture2b.app */;
			productType = "com.apple.product-type.application";
		};
/* End PBXNativeTarget section */

/* Begin PBXProject section */
		AE39F48A1D1B3FE600B6D203 /* Project object */ = {
			isa = PBXProject;
			attributes = {
				LastSwiftUpdateCheck = 0710;
				LastUpgradeCheck = 0710;
				ORGANIZATIONNAME = RyanKalla;
				TargetAttributes = {
					AE39F4911D1B3FE600B6D203 = {
						CreatedOnToolsVersion = 7.1;
					};
				};
			};
			buildConfigurationList = AE39F48D1D1B3FE600B6D203 /* Build configuration list for PBXProject "Lecture2b" */;
			compatibilityVersion = "Xcode 3.2";
			developmentRegion = English;
			hasScannedForEncodings = 0;
			knownRegions = (
				en,
				Base,
			);
			mainGroup = AE39F4891D1B3FE600B6D203;
			productRefGroup = AE39F4931D1B3FE600B6D203 /* Products */;
			projectDirPath = "";
			projectRoot = "";
			targets = (
				AE39F4911D1B3FE600B6D203 /* Lecture2b */,
			);
		};
/* End PBXProject section */

/* Begin PBXResourcesBuildPhase section */
		AE39F4901D1B3FE600B6D203 /* Resources */ = {
			isa = PBXResourcesBuildPhase;
			buildActionMask = 2147483647;
			files = (
				AE39F4A21D1B3FE600B6D203 /* LaunchScreen.storyboard in Resources */,
				AE39F49F1D1B3FE600B6D203 /* Assets.xcassets in Resources */,
				AE39F49D1D1B3FE600B6D203 /* Main.storyboard in Resources */,
			);
			runOnlyForDeploymentPostprocessing = 0;
		};
/* End PBXResourcesBuildPhase section */

/* Begin PBXSourcesBuildPhase section */
		AE39F48E1D1B3FE600B6D203 /* Sources */ = {
			isa = PBXSourcesBuildPhase;
			buildActionMask = 2147483647;
			files = (
				AE39F49A1D1B3FE600B6D203 /* SecondViewController.swift in Sources */,
				AE39F4961D1B3FE600B6D203 /* AppDelegate.swift in Sources */,
				AE39F4981D1B3FE600B6D203 /* FirstViewController.swift in Sources */,
			);
			runOnlyForDeploymentPostprocessing = 0;
		};
/* End PBXSourcesBuildPhase section */

/* Begin PBXVariantGroup section */
		AE39F49B1D1B3FE600B6D203 /* Main.storyboard */ = {
			isa = PBXVariantGroup;
			children = (
				AE39F49C1D1B3FE600B6D203 /* Base */,
			);
			name = Main.storyboard;
			sourceTree = "<group>";
		};
		AE39F4A01D1B3FE600B6D203 /* LaunchScreen.storyboard */ = {
			isa = PBXVariantGroup;
			children = (
				AE39F4A11D1B3FE600B6D203 /* Base */,
			);
			name = LaunchScreen.storyboard;
			sourceTree = "<group>";
		};
/* End PBXVariantGroup section */

/* Begin XCBuildConfiguration section */
		AE39F4A41D1B3FE600B6D203 /* Debug */ = {
			isa = XCBuildConfiguration;
			buildSettings = {
				ALWAYS_SEARCH_USER_PATHS = NO;
				CLANG_CXX_LANGUAGE_STANDARD = "gnu++0x";
				CLANG_CXX_LIBRARY = "libc++";
				CLANG_ENABLE_MODULES = YES;
				CLANG_ENABLE_OBJC_ARC = YES;
				CLANG_WARN_BOOL_CONVERSION = YES;
				CLANG_WARN_CONSTANT_CONVERSION = YES;
				CLANG_WARN_DIRECT_OBJC_ISA_USAGE = YES_ERROR;
				CLANG_WARN_EMPTY_BODY = YES;
				CLANG_WARN_ENUM_CONVERSION = YES;
				CLANG_WARN_INT_CONVERSION = YES;
				CLANG_WARN_OBJC_ROOT_CLASS = YES_ERROR;
				CLANG_WARN_UNREACHABLE_CODE = YES;
				CLANG_WARN__DUPLICATE_METHOD_MATCH = YES;
				"CODE_SIGN_IDENTITY[sdk=iphoneos*]" = "iPhone Developer";
				COPY_PHASE_STRIP = NO;
				DEBUG_INFORMATION_FORMAT = dwarf;
				ENABLE_STRICT_OBJC_MSGSEND = YES;
				ENABLE_TESTABILITY = YES;
				GCC_C_LANGUAGE_STANDARD = gnu99;
				GCC_DYNAMIC_NO_PIC = NO;
				GCC_NO_COMMON_BLOCKS = YES;
				GCC_OPTIMIZATION_LEVEL = 0;
				GCC_PREPROCESSOR_DEFINITIONS = (
					"DEBUG=1",
					"$(inherited)",
				);
				GCC_WARN_64_TO_32_BIT_CONVERSION = YES;
				GCC_WARN_ABOUT_RETURN_TYPE = YES_ERROR;
				GCC_WARN_UNDECLARED_SELECTOR = YES;
				GCC_WARN_UNINITIALIZED_AUTOS = YES_AGGRESSIVE;
				GCC_WARN_UNUSED_FUNCTION = YES;
				GCC_WARN_UNUSED_VARIABLE = YES;
				IPHONEOS_DEPLOYMENT_TARGET = 9.1;
				MTL_ENABLE_DEBUG_INFO = YES;
				ONLY_ACTIVE_ARCH = YES;
				SDKROOT = iphoneos;
				SWIFT_OPTIMIZATION_LEVEL = "-Onone";
				TARGETED_DEVICE_FAMILY = "1,2";
			};
			name = Debug;
		};
		AE39F4A51D1B3FE600B6D203 /* Release */ = {
			isa = XCBuildConfiguration;
			buildSettings = {
				ALWAYS_SEARCH_USER_PATHS = NO;
				CLANG_CXX_LANGUAGE_STANDARD = "gnu++0x";
				CLANG_CXX_LIBRARY = "libc++";
				CLANG_ENABLE_MODULES = YES;
				CLANG_ENABLE_OBJC_ARC = YES;
				CLANG_WARN_BOOL_CONVERSION = YES;
				CLANG_WARN_CONSTANT_CONVERSION = YES;
				CLANG_WARN_DIRECT_OBJC_ISA_USAGE = YES_ERROR;
				CLANG_WARN_EMPTY_BODY = YES;
				CLANG_WARN_ENUM_CONVERSION = YES;
				CLANG_WARN_INT_CONVERSION = YES;
				CLANG_WARN_OBJC_ROOT_CLASS = YES_ERROR;
				CLANG_WARN_UNREACHABLE_CODE = YES;
				CLANG_WARN__DUPLICATE_METHOD_MATCH = YES;
				"CODE_SIGN_IDENTITY[sdk=iphoneos*]" = "iPhone Developer";
				COPY_PHASE_STRIP = NO;
				DEBUG_INFORMATION_FORMAT = "dwarf-with-dsym";
				ENABLE_NS_ASSERTIONS = NO;
				ENABLE_STRICT_OBJC_MSGSEND = YES;
				GCC_C_LANGUAGE_STANDARD = gnu99;
				GCC_NO_COMMON_BLOCKS = YES;
				GCC_WARN_64_TO_32_BIT_CONVERSION = YES;
				GCC_WARN_ABOUT_RETURN_TYPE = YES_ERROR;
				GCC_WARN_UNDECLARED_SELECTOR = YES;
				GCC_WARN_UNINITIALIZED_AUTOS = YES_AGGRESSIVE;
				GCC_WARN_UNUSED_FUNCTION = YES;
				GCC_WARN_UNUSED_VARIABLE = YES;
				IPHONEOS_DEPLOYMENT_TARGET = 9.1;
				MTL_ENABLE_DEBUG_INFO = NO;
				SDKROOT = iphoneos;
				TARGETED_DEVICE_FAMILY = "1,2";
				VALIDATE_PRODUCT = YES;
			};
			name = Release;
		};
		AE39F4A71D1B3FE600B6D203 /* Debug */ = {
			isa = XCBuildConfiguration;
			buildSettings = {
				ASSETCATALOG_COMPILER_APPICON_NAME = AppIcon;
				INFOPLIST_FILE = Lecture2b/Info.plist;
				LD_RUNPATH_SEARCH_PATHS = "$(inherited) @executable_path/Frameworks";
				PRODUCT_BUNDLE_IDENTIFIER = edu.harvard.s65g.Lecture2b;
				PRODUCT_NAME = "$(TARGET_NAME)";
			};
			name = Debug;
		};
		AE39F4A81D1B3FE600B6D203 /* Release */ = {
			isa = XCBuildConfiguration;
			buildSettings = {
				ASSETCATALOG_COMPILER_APPICON_NAME = AppIcon;
				INFOPLIST_FILE = Lecture2b/Info.plist;
				LD_RUNPATH_SEARCH_PATHS = "$(inherited) @executable_path/Frameworks";
				PRODUCT_BUNDLE_IDENTIFIER = edu.harvard.s65g.Lecture2b;
				PRODUCT_NAME = "$(TARGET_NAME)";
			};
			name = Release;
		};
/* End XCBuildConfiguration section */

/* Begin XCConfigurationList section */
		AE39F48D1D1B3FE600B6D203 /* Build configuration list for PBXProject "Lecture2b" */ = {
			isa = XCConfigurationList;
			buildConfigurations = (
				AE39F4A41D1B3FE600B6D203 /* Debug */,
				AE39F4A51D1B3FE600B6D203 /* Release */,
			);
			defaultConfigurationIsVisible = 0;
			defaultConfigurationName = Release;
		};
		AE39F4A61D1B3FE600B6D203 /* Build configuration list for PBXNativeTarget "Lecture2b" */ = {
			isa = XCConfigurationList;
			buildConfigurations = (
				AE39F4A71D1B3FE600B6D203 /* Debug */,
				AE39F4A81D1B3FE600B6D203 /* Release */,
			);
			defaultConfigurationIsVisible = 0;
		};
/* End XCConfigurationList section */
	};
	rootObject = AE39F48A1D1B3FE600B6D203 /* Project object */;
}
